
Microsoft Visual Studio Solution File, Format Version 12.00
# Visual Studio Version 17
VisualStudioVersion = 17.9.34714.143
MinimumVisualStudioVersion = 10.0.40219.1
Project("{FAE04EC0-301F-11D3-BF4B-00C04F79EFBC}") = "ProyectoHotel", "ProyectoHotel.csproj", "{727A39CD-7006-4B5C-968D-3A64210D20EB}"
EndProject
Global
	GlobalSection(SolutionConfigurationPlatforms) = preSolution
		Debug|Any CPU = Debug|Any CPU
		Release|Any CPU = Release|Any CPU
	EndGlobalSection
	GlobalSection(ProjectConfigurationPlatforms) = postSolution
		{727A39CD-7006-4B5C-968D-3A64210D20EB}.Debug|Any CPU.ActiveCfg = Debug|Any CPU
		{727A39CD-7006-4B5C-968D-3A64210D20EB}.Debug|Any CPU.Build.0 = Debug|Any CPU
		{727A39CD-7006-4B5C-968D-3A64210D20EB}.Release|Any CPU.ActiveCfg = Release|Any CPU
		{727A39CD-7006-4B5C-968D-3A64210D20EB}.Release|Any CPU.Build.0 = Release|Any CPU
	EndGlobalSection
	GlobalSection(SolutionProperties) = preSolution
		HideSolutionNode = FALSE
	EndGlobalSection
	GlobalSection(ExtensibilityGlobals) = postSolution
		SolutionGuid = {19E6E64A-0B9D-4BD0-B80E-A6CA0D20A345}
	EndGlobalSection
EndGlobal
